// !$*UTF8*$!
{
	archiveVersion = 1;
	classes = {
	};
	objectVersion = 46;
	objects = {

/* Begin PBXBuildFile section */
		493A3615208FC70900E2B74E /* SideMenuTransition.swift in Sources */ = {isa = PBXBuildFile; fileRef = 493A3611208FC70900E2B74E /* SideMenuTransition.swift */; };
		493A3616208FC70900E2B74E /* SideMenuManager.swift in Sources */ = {isa = PBXBuildFile; fileRef = 493A3612208FC70900E2B74E /* SideMenuManager.swift */; };
		493A3617208FC70900E2B74E /* UISideMenuNavigationController.swift in Sources */ = {isa = PBXBuildFile; fileRef = 493A3613208FC70900E2B74E /* UISideMenuNavigationController.swift */; };
		493A3618208FC70900E2B74E /* UITableViewVibrantCell.swift in Sources */ = {isa = PBXBuildFile; fileRef = 493A3614208FC70900E2B74E /* UITableViewVibrantCell.swift */; };
		4947643F2093A66A008813B1 /* IGListKit.framework in Frameworks */ = {isa = PBXBuildFile; fileRef = 4947643E2093A66A008813B1 /* IGListKit.framework */; };
		494764412093B586008813B1 /* FrequentItemSummaryCell.swift in Sources */ = {isa = PBXBuildFile; fileRef = 494764402093B586008813B1 /* FrequentItemSummaryCell.swift */; };
		494764442093B62B008813B1 /* FrequentItemsSectionController.swift in Sources */ = {isa = PBXBuildFile; fileRef = 494764432093B62B008813B1 /* FrequentItemsSectionController.swift */; };
		494764462094EE5B008813B1 /* FrequentItemDetailCell.swift in Sources */ = {isa = PBXBuildFile; fileRef = 494764452094EE5B008813B1 /* FrequentItemDetailCell.swift */; };
		4961397320828DB40083D3E8 /* Api.swift in Sources */ = {isa = PBXBuildFile; fileRef = 4961397220828DB40083D3E8 /* Api.swift */; };
		4961397620828F0A0083D3E8 /* ToDo.swift in Sources */ = {isa = PBXBuildFile; fileRef = 4961397520828F0A0083D3E8 /* ToDo.swift */; };
		4961397820828F660083D3E8 /* ToDoCell.swift in Sources */ = {isa = PBXBuildFile; fileRef = 4961397720828F660083D3E8 /* ToDoCell.swift */; };
		4961397A208291150083D3E8 /* ToDoCell+ToDo.swift in Sources */ = {isa = PBXBuildFile; fileRef = 49613979208291150083D3E8 /* ToDoCell+ToDo.swift */; };
		4961397C208292820083D3E8 /* ToDoVC.swift in Sources */ = {isa = PBXBuildFile; fileRef = 4961397B208292820083D3E8 /* ToDoVC.swift */; };
		4961397E208292AC0083D3E8 /* ToDoView.swift in Sources */ = {isa = PBXBuildFile; fileRef = 4961397D208292AC0083D3E8 /* ToDoView.swift */; };
		496139802082938C0083D3E8 /* ToDo+Api.swift in Sources */ = {isa = PBXBuildFile; fileRef = 4961397F2082938C0083D3E8 /* ToDo+Api.swift */; };
		4961398220829BB80083D3E8 /* Themes.swift in Sources */ = {isa = PBXBuildFile; fileRef = 4961398120829BB80083D3E8 /* Themes.swift */; };
		49613985208518240083D3E8 /* FloatingAddButton.swift in Sources */ = {isa = PBXBuildFile; fileRef = 49613984208518240083D3E8 /* FloatingAddButton.swift */; };
		4979977D20B88CB500DF3579 /* CachableFrequentItems.swift in Sources */ = {isa = PBXBuildFile; fileRef = 4979977C20B88CB500DF3579 /* CachableFrequentItems.swift */; };
		49909BE520B2299C00B0EB90 /* ShoppingItem.swift in Sources */ = {isa = PBXBuildFile; fileRef = 49909BE420B2299C00B0EB90 /* ShoppingItem.swift */; };
		49909BE720B33C9500B0EB90 /* TodosDataSource.swift in Sources */ = {isa = PBXBuildFile; fileRef = 49909BE620B33C9500B0EB90 /* TodosDataSource.swift */; };
		49909BE920B5E94A00B0EB90 /* Cacher.swift in Sources */ = {isa = PBXBuildFile; fileRef = 49909BE820B5E94A00B0EB90 /* Cacher.swift */; };
		49909BEB20B7281600B0EB90 /* CachableShops.swift in Sources */ = {isa = PBXBuildFile; fileRef = 49909BEA20B7281600B0EB90 /* CachableShops.swift */; };
		49909BED20B7369400B0EB90 /* CachableToDos.swift in Sources */ = {isa = PBXBuildFile; fileRef = 49909BEC20B7369400B0EB90 /* CachableToDos.swift */; };
		49A291AC208E5B6A006675CC /* ViewAnimator.swift in Sources */ = {isa = PBXBuildFile; fileRef = 49A291AB208E5B6A006675CC /* ViewAnimator.swift */; };
		49A291AE208E5B94006675CC /* UICollectionView+ViewAnimator.swift in Sources */ = {isa = PBXBuildFile; fileRef = 49A291AD208E5B94006675CC /* UICollectionView+ViewAnimator.swift */; };
		49A291B0208E5BA1006675CC /* UITableView+ViewAnimator.swift in Sources */ = {isa = PBXBuildFile; fileRef = 49A291AF208E5BA1006675CC /* UITableView+ViewAnimator.swift */; };
		49A291B2208E5C11006675CC /* ViewAnimatorConfig.swift in Sources */ = {isa = PBXBuildFile; fileRef = 49A291B1208E5C11006675CC /* ViewAnimatorConfig.swift */; };
		49A291B4208E5C4E006675CC /* Animation.swift in Sources */ = {isa = PBXBuildFile; fileRef = 49A291B3208E5C4E006675CC /* Animation.swift */; };
		49A291B6208E5CB9006675CC /* AnimationType.swift in Sources */ = {isa = PBXBuildFile; fileRef = 49A291B5208E5CB9006675CC /* AnimationType.swift */; };
		49A291B8208E5CDB006675CC /* Direction.swift in Sources */ = {isa = PBXBuildFile; fileRef = 49A291B7208E5CDB006675CC /* Direction.swift */; };
		49A747EF208FD249003F259A /* MenuView.swift in Sources */ = {isa = PBXBuildFile; fileRef = 49A747EE208FD249003F259A /* MenuView.swift */; };
		49A747F1208FD28E003F259A /* MenuVC.swift in Sources */ = {isa = PBXBuildFile; fileRef = 49A747F0208FD28E003F259A /* MenuVC.swift */; };
		49A747F3208FD2E8003F259A /* MenuCell.swift in Sources */ = {isa = PBXBuildFile; fileRef = 49A747F2208FD2E8003F259A /* MenuCell.swift */; };
		49A747F5208FD426003F259A /* MenuItem.swift in Sources */ = {isa = PBXBuildFile; fileRef = 49A747F4208FD426003F259A /* MenuItem.swift */; };
		49A747F7208FD56B003F259A /* MenuCell+MenuItem.swift in Sources */ = {isa = PBXBuildFile; fileRef = 49A747F6208FD56B003F259A /* MenuCell+MenuItem.swift */; };
		49A747FA208FF34E003F259A /* FrequentItemVC.swift in Sources */ = {isa = PBXBuildFile; fileRef = 49A747F9208FF34E003F259A /* FrequentItemVC.swift */; };
		49A747FC208FF359003F259A /* ShopView.swift in Sources */ = {isa = PBXBuildFile; fileRef = 49A747FB208FF359003F259A /* ShopView.swift */; };
		49A747FE2090F967003F259A /* Dimensions.swift in Sources */ = {isa = PBXBuildFile; fileRef = 49A747FD2090F967003F259A /* Dimensions.swift */; };
		49A7480020910406003F259A /* Roboto-Regular.ttf in Resources */ = {isa = PBXBuildFile; fileRef = 49A747FF20910405003F259A /* Roboto-Regular.ttf */; };
		49A7480E20924D6F003F259A /* EditFrequentItemsView.swift in Sources */ = {isa = PBXBuildFile; fileRef = 49A7480D20924D6F003F259A /* EditFrequentItemsView.swift */; };
		49BAC15120A633BC00F3C4BD /* Shop+Api.swift in Sources */ = {isa = PBXBuildFile; fileRef = 49BAC15020A633BC00F3C4BD /* Shop+Api.swift */; };
		49BAC15320A6346E00F3C4BD /* Shop+JSON.swift in Sources */ = {isa = PBXBuildFile; fileRef = 49BAC15220A6346E00F3C4BD /* Shop+JSON.swift */; };
		49BAC15520A67EF500F3C4BD /* ShopsDataSource.swift in Sources */ = {isa = PBXBuildFile; fileRef = 49BAC15420A67EF500F3C4BD /* ShopsDataSource.swift */; };
		49BAC15720A6835E00F3C4BD /* ShopVC.swift in Sources */ = {isa = PBXBuildFile; fileRef = 49BAC15620A6835E00F3C4BD /* ShopVC.swift */; };
		49BAC15920A684B500F3C4BD /* ShopSectionController.swift in Sources */ = {isa = PBXBuildFile; fileRef = 49BAC15820A684B500F3C4BD /* ShopSectionController.swift */; };
		49BAC15B20A6873E00F3C4BD /* ShopCell.swift in Sources */ = {isa = PBXBuildFile; fileRef = 49BAC15A20A6873E00F3C4BD /* ShopCell.swift */; };
		49BAC15D20A767AD00F3C4BD /* AisleCell.swift in Sources */ = {isa = PBXBuildFile; fileRef = 49BAC15C20A767AD00F3C4BD /* AisleCell.swift */; };
		49BAC16020A7928E00F3C4BD /* Aisle+Api.swift in Sources */ = {isa = PBXBuildFile; fileRef = 49BAC15F20A7928E00F3C4BD /* Aisle+Api.swift */; };
		49BAC16220A7DC1C00F3C4BD /* EditAisleVC.swift in Sources */ = {isa = PBXBuildFile; fileRef = 49BAC16120A7DC1C00F3C4BD /* EditAisleVC.swift */; };
		49BAC16420A7DCD200F3C4BD /* EditAisleView.swift in Sources */ = {isa = PBXBuildFile; fileRef = 49BAC16320A7DCD200F3C4BD /* EditAisleView.swift */; };
		49BAC16620A7E06900F3C4BD /* AisleSectionController.swift in Sources */ = {isa = PBXBuildFile; fileRef = 49BAC16520A7E06900F3C4BD /* AisleSectionController.swift */; };
		49BAC16820A7E0E000F3C4BD /* CategoryCell.swift in Sources */ = {isa = PBXBuildFile; fileRef = 49BAC16720A7E0E000F3C4BD /* CategoryCell.swift */; };
		49BAC16A20A7FD5300F3C4BD /* AisleCategory.swift in Sources */ = {isa = PBXBuildFile; fileRef = 49BAC16920A7FD5300F3C4BD /* AisleCategory.swift */; };
		49BAC16C20A8B43700F3C4BD /* Aisle+JSON.swift in Sources */ = {isa = PBXBuildFile; fileRef = 49BAC16B20A8B43700F3C4BD /* Aisle+JSON.swift */; };
		49BAC16E20A8B47600F3C4BD /* String+Api.swift in Sources */ = {isa = PBXBuildFile; fileRef = 49BAC16D20A8B47600F3C4BD /* String+Api.swift */; };
		49BAC17220ACAFCE00F3C4BD /* SetShopView.swift in Sources */ = {isa = PBXBuildFile; fileRef = 49BAC17120ACAFCE00F3C4BD /* SetShopView.swift */; };
		49BAC17420ACB6E200F3C4BD /* MenuDropDownControl.swift in Sources */ = {isa = PBXBuildFile; fileRef = 49BAC17320ACB6E200F3C4BD /* MenuDropDownControl.swift */; };
		49BAC17620B1031300F3C4BD /* ShopMenuCell.swift in Sources */ = {isa = PBXBuildFile; fileRef = 49BAC17520B1031300F3C4BD /* ShopMenuCell.swift */; };
		49BAC17820B103A400F3C4BD /* ShopMenuCell+ShopItem.swift in Sources */ = {isa = PBXBuildFile; fileRef = 49BAC17720B103A400F3C4BD /* ShopMenuCell+ShopItem.swift */; };
		49C01FA7208AA69900FE4C9B /* Api.plist in Resources */ = {isa = PBXBuildFile; fileRef = 49C01FA6208AA69900FE4C9B /* Api.plist */; };
		49C01FA9208BFB2D00FE4C9B /* AddItemView.swift in Sources */ = {isa = PBXBuildFile; fileRef = 49C01FA8208BFB2D00FE4C9B /* AddItemView.swift */; };
		49C01FAB208BFD2200FE4C9B /* AddItemVC.swift in Sources */ = {isa = PBXBuildFile; fileRef = 49C01FAA208BFD2200FE4C9B /* AddItemVC.swift */; };
		49C01FAD208C1CFE00FE4C9B /* FrequentItem.swift in Sources */ = {isa = PBXBuildFile; fileRef = 49C01FAC208C1CFE00FE4C9B /* FrequentItem.swift */; };
		49C01FAF208C1D7200FE4C9B /* FrequentItem+JSON.swift in Sources */ = {isa = PBXBuildFile; fileRef = 49C01FAE208C1D7200FE4C9B /* FrequentItem+JSON.swift */; };
		49C01FB1208C273100FE4C9B /* FrequentItem+Api.swift in Sources */ = {isa = PBXBuildFile; fileRef = 49C01FB0208C273100FE4C9B /* FrequentItem+Api.swift */; };
		49C01FB3208C285700FE4C9B /* FrequentItemCell.swift in Sources */ = {isa = PBXBuildFile; fileRef = 49C01FB2208C285700FE4C9B /* FrequentItemCell.swift */; };
		49C01FB5208C28F100FE4C9B /* FrequentItemCell+FrequentItem.swift in Sources */ = {isa = PBXBuildFile; fileRef = 49C01FB4208C28F100FE4C9B /* FrequentItemCell+FrequentItem.swift */; };
		49D5D17020A21332006A5CF7 /* WagnerFischer.swift in Sources */ = {isa = PBXBuildFile; fileRef = 49D5D16F20A21332006A5CF7 /* WagnerFischer.swift */; };
		49D5D17220A21385006A5CF7 /* DiffAware.swift in Sources */ = {isa = PBXBuildFile; fileRef = 49D5D17120A21385006A5CF7 /* DiffAware.swift */; };
		49D5D17420A21425006A5CF7 /* Change.swift in Sources */ = {isa = PBXBuildFile; fileRef = 49D5D17320A21425006A5CF7 /* Change.swift */; };
		49D5D17620A21455006A5CF7 /* MoveReducer.swift in Sources */ = {isa = PBXBuildFile; fileRef = 49D5D17520A21455006A5CF7 /* MoveReducer.swift */; };
		49D5D17820A21496006A5CF7 /* DeepDiff.swift in Sources */ = {isa = PBXBuildFile; fileRef = 49D5D17720A21496006A5CF7 /* DeepDiff.swift */; };
		49D5D17A20A21630006A5CF7 /* IndexPathConverter.swift in Sources */ = {isa = PBXBuildFile; fileRef = 49D5D17920A21630006A5CF7 /* IndexPathConverter.swift */; };
		49D80DE020951E7F00AB8AFC /* PickerManger.swift in Sources */ = {isa = PBXBuildFile; fileRef = 49D80DDF20951E7F00AB8AFC /* PickerManger.swift */; };
		49D80DE220952B5900AB8AFC /* Utility.swift in Sources */ = {isa = PBXBuildFile; fileRef = 49D80DE120952B5900AB8AFC /* Utility.swift */; };
		49D80DE420952CBB00AB8AFC /* Roboto-Bold.ttf in Resources */ = {isa = PBXBuildFile; fileRef = 49D80DE320952CB600AB8AFC /* Roboto-Bold.ttf */; };
		49D80DE6209581E200AB8AFC /* Category.swift in Sources */ = {isa = PBXBuildFile; fileRef = 49D80DE5209581E200AB8AFC /* Category.swift */; };
		49E5DDF7209E407000F6C238 /* CategoryHeaderView.swift in Sources */ = {isa = PBXBuildFile; fileRef = 49E5DDF6209E407000F6C238 /* CategoryHeaderView.swift */; };
		49E5DDFB209E4F9300F6C238 /* CategorizedItem.swift in Sources */ = {isa = PBXBuildFile; fileRef = 49E5DDFA209E4F9300F6C238 /* CategorizedItem.swift */; };
		49E5DDFD209E508700F6C238 /* CategorizedItemsDataSource.swift in Sources */ = {isa = PBXBuildFile; fileRef = 49E5DDFC209E508700F6C238 /* CategorizedItemsDataSource.swift */; };
		49FF5EAB20A367BC00C14A14 /* Shop.swift in Sources */ = {isa = PBXBuildFile; fileRef = 49FF5EAA20A367BC00C14A14 /* Shop.swift */; };
		49FF5EAD20A36C0B00C14A14 /* Aisle.swift in Sources */ = {isa = PBXBuildFile; fileRef = 49FF5EAC20A36C0B00C14A14 /* Aisle.swift */; };
		9948C3541E3FB33F005B0937 /* Alamofire.framework in Frameworks */ = {isa = PBXBuildFile; fileRef = 991E306E1E3F5BE60099AD2A /* Alamofire.framework */; };
		9948C3551E3FB341005B0937 /* Arrow.framework in Frameworks */ = {isa = PBXBuildFile; fileRef = 991E306C1E3F5BE40099AD2A /* Arrow.framework */; };
		9948C3561E3FB344005B0937 /* ws.framework in Frameworks */ = {isa = PBXBuildFile; fileRef = 991E30721E3F5BEB0099AD2A /* ws.framework */; };
		9948C3571E3FB348005B0937 /* Kingfisher.framework in Frameworks */ = {isa = PBXBuildFile; fileRef = 991E30831E3F63800099AD2A /* Kingfisher.framework */; };
		9948C3581E3FB34B005B0937 /* then.framework in Frameworks */ = {isa = PBXBuildFile; fileRef = 991E30741E3F5BEF0099AD2A /* then.framework */; };
		9948C3591E3FB34E005B0937 /* Stevia.framework in Frameworks */ = {isa = PBXBuildFile; fileRef = 991E30701E3F5BE90099AD2A /* Stevia.framework */; };
		99EC7AE91E3F71DD008BBBA5 /* Assets.xcassets in Resources */ = {isa = PBXBuildFile; fileRef = 99EC7ADB1E3F71DD008BBBA5 /* Assets.xcassets */; };
		99EC7AEA1E3F71DD008BBBA5 /* LaunchScreen.storyboard in Resources */ = {isa = PBXBuildFile; fileRef = 99EC7ADD1E3F71DD008BBBA5 /* LaunchScreen.storyboard */; };
		99EC7AEB1E3F71DD008BBBA5 /* ToDo+JSON.swift in Sources */ = {isa = PBXBuildFile; fileRef = 99EC7ADF1E3F71DD008BBBA5 /* ToDo+JSON.swift */; };
		99EC7AED1E3F71DD008BBBA5 /* AppDelegate.swift in Sources */ = {isa = PBXBuildFile; fileRef = 99EC7AE11E3F71DD008BBBA5 /* AppDelegate.swift */; };
		99EC7AEF1E3F71DD008BBBA5 /* WSApi.swift in Sources */ = {isa = PBXBuildFile; fileRef = 99EC7AE31E3F71DD008BBBA5 /* WSApi.swift */; };
/* End PBXBuildFile section */

/* Begin PBXFileReference section */
		493A360E208FC65300E2B74E /* SideMenu.framework */ = {isa = PBXFileReference; lastKnownFileType = wrapper.framework; name = SideMenu.framework; path = "../../Library/Developer/Xcode/DerivedData/SideMenu-fnmflwwzyhildncggxuchvwgodtx/Build/Products/Debug-iphonesimulator/SideMenu/SideMenu.framework"; sourceTree = "<group>"; };
		493A3611208FC70900E2B74E /* SideMenuTransition.swift */ = {isa = PBXFileReference; fileEncoding = 4; lastKnownFileType = sourcecode.swift; path = SideMenuTransition.swift; sourceTree = "<group>"; };
		493A3612208FC70900E2B74E /* SideMenuManager.swift */ = {isa = PBXFileReference; fileEncoding = 4; lastKnownFileType = sourcecode.swift; path = SideMenuManager.swift; sourceTree = "<group>"; };
		493A3613208FC70900E2B74E /* UISideMenuNavigationController.swift */ = {isa = PBXFileReference; fileEncoding = 4; lastKnownFileType = sourcecode.swift; path = UISideMenuNavigationController.swift; sourceTree = "<group>"; };
		493A3614208FC70900E2B74E /* UITableViewVibrantCell.swift */ = {isa = PBXFileReference; fileEncoding = 4; lastKnownFileType = sourcecode.swift; path = UITableViewVibrantCell.swift; sourceTree = "<group>"; };
		4947643E2093A66A008813B1 /* IGListKit.framework */ = {isa = PBXFileReference; lastKnownFileType = wrapper.framework; name = IGListKit.framework; path = Carthage/Build/iOS/IGListKit.framework; sourceTree = "<group>"; };
		494764402093B586008813B1 /* FrequentItemSummaryCell.swift */ = {isa = PBXFileReference; lastKnownFileType = sourcecode.swift; path = FrequentItemSummaryCell.swift; sourceTree = "<group>"; };
		494764432093B62B008813B1 /* FrequentItemsSectionController.swift */ = {isa = PBXFileReference; lastKnownFileType = sourcecode.swift; path = FrequentItemsSectionController.swift; sourceTree = "<group>"; };
		494764452094EE5B008813B1 /* FrequentItemDetailCell.swift */ = {isa = PBXFileReference; lastKnownFileType = sourcecode.swift; path = FrequentItemDetailCell.swift; sourceTree = "<group>"; };
		4961397220828DB40083D3E8 /* Api.swift */ = {isa = PBXFileReference; fileEncoding = 4; lastKnownFileType = sourcecode.swift; name = Api.swift; path = Shopper/Api/Api.swift; sourceTree = SOURCE_ROOT; };
		4961397520828F0A0083D3E8 /* ToDo.swift */ = {isa = PBXFileReference; lastKnownFileType = sourcecode.swift; path = ToDo.swift; sourceTree = "<group>"; };
		4961397720828F660083D3E8 /* ToDoCell.swift */ = {isa = PBXFileReference; lastKnownFileType = sourcecode.swift; path = ToDoCell.swift; sourceTree = "<group>"; };
		49613979208291150083D3E8 /* ToDoCell+ToDo.swift */ = {isa = PBXFileReference; lastKnownFileType = sourcecode.swift; path = "ToDoCell+ToDo.swift"; sourceTree = "<group>"; };
		4961397B208292820083D3E8 /* ToDoVC.swift */ = {isa = PBXFileReference; lastKnownFileType = sourcecode.swift; path = ToDoVC.swift; sourceTree = "<group>"; };
		4961397D208292AC0083D3E8 /* ToDoView.swift */ = {isa = PBXFileReference; lastKnownFileType = sourcecode.swift; path = ToDoView.swift; sourceTree = "<group>"; };
		4961397F2082938C0083D3E8 /* ToDo+Api.swift */ = {isa = PBXFileReference; lastKnownFileType = sourcecode.swift; name = "ToDo+Api.swift"; path = "Shopper/Api/ToDo+Api.swift"; sourceTree = SOURCE_ROOT; };
		4961398120829BB80083D3E8 /* Themes.swift */ = {isa = PBXFileReference; lastKnownFileType = sourcecode.swift; path = Themes.swift; sourceTree = "<group>"; };
		49613984208518240083D3E8 /* FloatingAddButton.swift */ = {isa = PBXFileReference; lastKnownFileType = sourcecode.swift; path = FloatingAddButton.swift; sourceTree = "<group>"; };
		4979977C20B88CB500DF3579 /* CachableFrequentItems.swift */ = {isa = PBXFileReference; lastKnownFileType = sourcecode.swift; path = CachableFrequentItems.swift; sourceTree = "<group>"; };
		4979978420B8B9C700DF3579 /* en */ = {isa = PBXFileReference; lastKnownFileType = file.storyboard; name = en; path = ../en.lproj/LaunchScreen.storyboard; sourceTree = "<group>"; };
		49909BE420B2299C00B0EB90 /* ShoppingItem.swift */ = {isa = PBXFileReference; lastKnownFileType = sourcecode.swift; path = ShoppingItem.swift; sourceTree = "<group>"; };
		49909BE620B33C9500B0EB90 /* TodosDataSource.swift */ = {isa = PBXFileReference; lastKnownFileType = sourcecode.swift; path = TodosDataSource.swift; sourceTree = "<group>"; };
		49909BE820B5E94A00B0EB90 /* Cacher.swift */ = {isa = PBXFileReference; lastKnownFileType = sourcecode.swift; path = Cacher.swift; sourceTree = "<group>"; };
		49909BEA20B7281600B0EB90 /* CachableShops.swift */ = {isa = PBXFileReference; lastKnownFileType = sourcecode.swift; path = CachableShops.swift; sourceTree = "<group>"; };
		49909BEC20B7369400B0EB90 /* CachableToDos.swift */ = {isa = PBXFileReference; lastKnownFileType = sourcecode.swift; path = CachableToDos.swift; sourceTree = "<group>"; };
		49A291AB208E5B6A006675CC /* ViewAnimator.swift */ = {isa = PBXFileReference; lastKnownFileType = sourcecode.swift; path = ViewAnimator.swift; sourceTree = "<group>"; };
		49A291AD208E5B94006675CC /* UICollectionView+ViewAnimator.swift */ = {isa = PBXFileReference; lastKnownFileType = sourcecode.swift; path = "UICollectionView+ViewAnimator.swift"; sourceTree = "<group>"; };
		49A291AF208E5BA1006675CC /* UITableView+ViewAnimator.swift */ = {isa = PBXFileReference; lastKnownFileType = sourcecode.swift; path = "UITableView+ViewAnimator.swift"; sourceTree = "<group>"; };
		49A291B1208E5C11006675CC /* ViewAnimatorConfig.swift */ = {isa = PBXFileReference; lastKnownFileType = sourcecode.swift; path = ViewAnimatorConfig.swift; sourceTree = "<group>"; };
		49A291B3208E5C4E006675CC /* Animation.swift */ = {isa = PBXFileReference; lastKnownFileType = sourcecode.swift; path = Animation.swift; sourceTree = "<group>"; };
		49A291B5208E5CB9006675CC /* AnimationType.swift */ = {isa = PBXFileReference; lastKnownFileType = sourcecode.swift; path = AnimationType.swift; sourceTree = "<group>"; };
		49A291B7208E5CDB006675CC /* Direction.swift */ = {isa = PBXFileReference; lastKnownFileType = sourcecode.swift; path = Direction.swift; sourceTree = "<group>"; };
		49A747EE208FD249003F259A /* MenuView.swift */ = {isa = PBXFileReference; lastKnownFileType = sourcecode.swift; path = MenuView.swift; sourceTree = "<group>"; };
		49A747F0208FD28E003F259A /* MenuVC.swift */ = {isa = PBXFileReference; lastKnownFileType = sourcecode.swift; path = MenuVC.swift; sourceTree = "<group>"; };
		49A747F2208FD2E8003F259A /* MenuCell.swift */ = {isa = PBXFileReference; lastKnownFileType = sourcecode.swift; path = MenuCell.swift; sourceTree = "<group>"; };
		49A747F4208FD426003F259A /* MenuItem.swift */ = {isa = PBXFileReference; lastKnownFileType = sourcecode.swift; path = MenuItem.swift; sourceTree = "<group>"; };
		49A747F6208FD56B003F259A /* MenuCell+MenuItem.swift */ = {isa = PBXFileReference; lastKnownFileType = sourcecode.swift; path = "MenuCell+MenuItem.swift"; sourceTree = "<group>"; };
		49A747F9208FF34E003F259A /* FrequentItemVC.swift */ = {isa = PBXFileReference; lastKnownFileType = sourcecode.swift; path = FrequentItemVC.swift; sourceTree = "<group>"; };
		49A747FB208FF359003F259A /* ShopView.swift */ = {isa = PBXFileReference; lastKnownFileType = sourcecode.swift; path = ShopView.swift; sourceTree = "<group>"; };
		49A747FD2090F967003F259A /* Dimensions.swift */ = {isa = PBXFileReference; lastKnownFileType = sourcecode.swift; path = Dimensions.swift; sourceTree = "<group>"; };
		49A747FF20910405003F259A /* Roboto-Regular.ttf */ = {isa = PBXFileReference; lastKnownFileType = file; path = "Roboto-Regular.ttf"; sourceTree = "<group>"; };
		49A7480D20924D6F003F259A /* EditFrequentItemsView.swift */ = {isa = PBXFileReference; lastKnownFileType = sourcecode.swift; path = EditFrequentItemsView.swift; sourceTree = "<group>"; };
		49BAC15020A633BC00F3C4BD /* Shop+Api.swift */ = {isa = PBXFileReference; lastKnownFileType = sourcecode.swift; path = "Shop+Api.swift"; sourceTree = "<group>"; };
		49BAC15220A6346E00F3C4BD /* Shop+JSON.swift */ = {isa = PBXFileReference; lastKnownFileType = sourcecode.swift; path = "Shop+JSON.swift"; sourceTree = "<group>"; };
		49BAC15420A67EF500F3C4BD /* ShopsDataSource.swift */ = {isa = PBXFileReference; lastKnownFileType = sourcecode.swift; path = ShopsDataSource.swift; sourceTree = "<group>"; };
		49BAC15620A6835E00F3C4BD /* ShopVC.swift */ = {isa = PBXFileReference; lastKnownFileType = sourcecode.swift; path = ShopVC.swift; sourceTree = "<group>"; };
		49BAC15820A684B500F3C4BD /* ShopSectionController.swift */ = {isa = PBXFileReference; lastKnownFileType = sourcecode.swift; path = ShopSectionController.swift; sourceTree = "<group>"; };
		49BAC15A20A6873E00F3C4BD /* ShopCell.swift */ = {isa = PBXFileReference; lastKnownFileType = sourcecode.swift; path = ShopCell.swift; sourceTree = "<group>"; };
		49BAC15C20A767AD00F3C4BD /* AisleCell.swift */ = {isa = PBXFileReference; lastKnownFileType = sourcecode.swift; path = AisleCell.swift; sourceTree = "<group>"; };
		49BAC15F20A7928E00F3C4BD /* Aisle+Api.swift */ = {isa = PBXFileReference; lastKnownFileType = sourcecode.swift; path = "Aisle+Api.swift"; sourceTree = "<group>"; };
		49BAC16120A7DC1C00F3C4BD /* EditAisleVC.swift */ = {isa = PBXFileReference; lastKnownFileType = sourcecode.swift; path = EditAisleVC.swift; sourceTree = "<group>"; };
		49BAC16320A7DCD200F3C4BD /* EditAisleView.swift */ = {isa = PBXFileReference; lastKnownFileType = sourcecode.swift; path = EditAisleView.swift; sourceTree = "<group>"; };
		49BAC16520A7E06900F3C4BD /* AisleSectionController.swift */ = {isa = PBXFileReference; lastKnownFileType = sourcecode.swift; path = AisleSectionController.swift; sourceTree = "<group>"; };
		49BAC16720A7E0E000F3C4BD /* CategoryCell.swift */ = {isa = PBXFileReference; lastKnownFileType = sourcecode.swift; path = CategoryCell.swift; sourceTree = "<group>"; };
		49BAC16920A7FD5300F3C4BD /* AisleCategory.swift */ = {isa = PBXFileReference; lastKnownFileType = sourcecode.swift; path = AisleCategory.swift; sourceTree = "<group>"; };
		49BAC16B20A8B43700F3C4BD /* Aisle+JSON.swift */ = {isa = PBXFileReference; lastKnownFileType = sourcecode.swift; path = "Aisle+JSON.swift"; sourceTree = "<group>"; };
		49BAC16D20A8B47600F3C4BD /* String+Api.swift */ = {isa = PBXFileReference; lastKnownFileType = sourcecode.swift; path = "String+Api.swift"; sourceTree = "<group>"; };
		49BAC17120ACAFCE00F3C4BD /* SetShopView.swift */ = {isa = PBXFileReference; lastKnownFileType = sourcecode.swift; path = SetShopView.swift; sourceTree = "<group>"; };
		49BAC17320ACB6E200F3C4BD /* MenuDropDownControl.swift */ = {isa = PBXFileReference; lastKnownFileType = sourcecode.swift; path = MenuDropDownControl.swift; sourceTree = "<group>"; };
		49BAC17520B1031300F3C4BD /* ShopMenuCell.swift */ = {isa = PBXFileReference; lastKnownFileType = sourcecode.swift; path = ShopMenuCell.swift; sourceTree = "<group>"; };
		49BAC17720B103A400F3C4BD /* ShopMenuCell+ShopItem.swift */ = {isa = PBXFileReference; lastKnownFileType = sourcecode.swift; path = "ShopMenuCell+ShopItem.swift"; sourceTree = "<group>"; };
		49C01FA6208AA69900FE4C9B /* Api.plist */ = {isa = PBXFileReference; lastKnownFileType = text.plist.xml; path = Api.plist; sourceTree = "<group>"; };
		49C01FA8208BFB2D00FE4C9B /* AddItemView.swift */ = {isa = PBXFileReference; lastKnownFileType = sourcecode.swift; path = AddItemView.swift; sourceTree = "<group>"; };
		49C01FAA208BFD2200FE4C9B /* AddItemVC.swift */ = {isa = PBXFileReference; lastKnownFileType = sourcecode.swift; path = AddItemVC.swift; sourceTree = "<group>"; };
		49C01FAC208C1CFE00FE4C9B /* FrequentItem.swift */ = {isa = PBXFileReference; lastKnownFileType = sourcecode.swift; path = FrequentItem.swift; sourceTree = "<group>"; };
		49C01FAE208C1D7200FE4C9B /* FrequentItem+JSON.swift */ = {isa = PBXFileReference; lastKnownFileType = sourcecode.swift; path = "FrequentItem+JSON.swift"; sourceTree = "<group>"; };
		49C01FB0208C273100FE4C9B /* FrequentItem+Api.swift */ = {isa = PBXFileReference; lastKnownFileType = sourcecode.swift; path = "FrequentItem+Api.swift"; sourceTree = "<group>"; };
		49C01FB2208C285700FE4C9B /* FrequentItemCell.swift */ = {isa = PBXFileReference; lastKnownFileType = sourcecode.swift; path = FrequentItemCell.swift; sourceTree = "<group>"; };
		49C01FB4208C28F100FE4C9B /* FrequentItemCell+FrequentItem.swift */ = {isa = PBXFileReference; lastKnownFileType = sourcecode.swift; path = "FrequentItemCell+FrequentItem.swift"; sourceTree = "<group>"; };
		49D5D16F20A21332006A5CF7 /* WagnerFischer.swift */ = {isa = PBXFileReference; lastKnownFileType = sourcecode.swift; path = WagnerFischer.swift; sourceTree = "<group>"; };
		49D5D17120A21385006A5CF7 /* DiffAware.swift */ = {isa = PBXFileReference; lastKnownFileType = sourcecode.swift; path = DiffAware.swift; sourceTree = "<group>"; };
		49D5D17320A21425006A5CF7 /* Change.swift */ = {isa = PBXFileReference; lastKnownFileType = sourcecode.swift; path = Change.swift; sourceTree = "<group>"; };
		49D5D17520A21455006A5CF7 /* MoveReducer.swift */ = {isa = PBXFileReference; lastKnownFileType = sourcecode.swift; path = MoveReducer.swift; sourceTree = "<group>"; };
		49D5D17720A21496006A5CF7 /* DeepDiff.swift */ = {isa = PBXFileReference; lastKnownFileType = sourcecode.swift; path = DeepDiff.swift; sourceTree = "<group>"; };
		49D5D17920A21630006A5CF7 /* IndexPathConverter.swift */ = {isa = PBXFileReference; lastKnownFileType = sourcecode.swift; path = IndexPathConverter.swift; sourceTree = "<group>"; };
		49D80DDF20951E7F00AB8AFC /* PickerManger.swift */ = {isa = PBXFileReference; lastKnownFileType = sourcecode.swift; path = PickerManger.swift; sourceTree = "<group>"; };
		49D80DE120952B5900AB8AFC /* Utility.swift */ = {isa = PBXFileReference; lastKnownFileType = sourcecode.swift; path = Utility.swift; sourceTree = "<group>"; };
		49D80DE320952CB600AB8AFC /* Roboto-Bold.ttf */ = {isa = PBXFileReference; lastKnownFileType = file; path = "Roboto-Bold.ttf"; sourceTree = "<group>"; };
		49D80DE5209581E200AB8AFC /* Category.swift */ = {isa = PBXFileReference; lastKnownFileType = sourcecode.swift; path = Category.swift; sourceTree = "<group>"; };
		49E5DDF6209E407000F6C238 /* CategoryHeaderView.swift */ = {isa = PBXFileReference; lastKnownFileType = sourcecode.swift; path = CategoryHeaderView.swift; sourceTree = "<group>"; };
		49E5DDFA209E4F9300F6C238 /* CategorizedItem.swift */ = {isa = PBXFileReference; lastKnownFileType = sourcecode.swift; path = CategorizedItem.swift; sourceTree = "<group>"; };
		49E5DDFC209E508700F6C238 /* CategorizedItemsDataSource.swift */ = {isa = PBXFileReference; lastKnownFileType = sourcecode.swift; path = CategorizedItemsDataSource.swift; sourceTree = "<group>"; };
		49FF5EAA20A367BC00C14A14 /* Shop.swift */ = {isa = PBXFileReference; lastKnownFileType = sourcecode.swift; path = Shop.swift; sourceTree = "<group>"; };
		49FF5EAC20A36C0B00C14A14 /* Aisle.swift */ = {isa = PBXFileReference; lastKnownFileType = sourcecode.swift; path = Aisle.swift; sourceTree = "<group>"; };
		991E304A1E3F57810099AD2A /* Shopper.app */ = {isa = PBXFileReference; explicitFileType = wrapper.application; includeInIndex = 0; path = Shopper.app; sourceTree = BUILT_PRODUCTS_DIR; };
		991E306C1E3F5BE40099AD2A /* Arrow.framework */ = {isa = PBXFileReference; lastKnownFileType = wrapper.framework; name = Arrow.framework; path = Carthage/Build/iOS/Arrow.framework; sourceTree = "<group>"; };
		991E306E1E3F5BE60099AD2A /* Alamofire.framework */ = {isa = PBXFileReference; lastKnownFileType = wrapper.framework; name = Alamofire.framework; path = Carthage/Build/iOS/Alamofire.framework; sourceTree = "<group>"; };
		991E30701E3F5BE90099AD2A /* Stevia.framework */ = {isa = PBXFileReference; lastKnownFileType = wrapper.framework; name = Stevia.framework; path = Carthage/Build/iOS/Stevia.framework; sourceTree = "<group>"; };
		991E30721E3F5BEB0099AD2A /* ws.framework */ = {isa = PBXFileReference; lastKnownFileType = wrapper.framework; name = ws.framework; path = Carthage/Build/iOS/ws.framework; sourceTree = "<group>"; };
		991E30741E3F5BEF0099AD2A /* then.framework */ = {isa = PBXFileReference; lastKnownFileType = wrapper.framework; name = then.framework; path = Carthage/Build/iOS/then.framework; sourceTree = "<group>"; };
		991E30831E3F63800099AD2A /* Kingfisher.framework */ = {isa = PBXFileReference; lastKnownFileType = wrapper.framework; name = Kingfisher.framework; path = Carthage/Build/iOS/Kingfisher.framework; sourceTree = "<group>"; };
		99EC7ADB1E3F71DD008BBBA5 /* Assets.xcassets */ = {isa = PBXFileReference; lastKnownFileType = folder.assetcatalog; name = Assets.xcassets; path = "Shopper/New Group1/Assets.xcassets"; sourceTree = SOURCE_ROOT; };
		99EC7ADF1E3F71DD008BBBA5 /* ToDo+JSON.swift */ = {isa = PBXFileReference; fileEncoding = 4; lastKnownFileType = sourcecode.swift; name = "ToDo+JSON.swift"; path = "Shopper/Api Implemetation/ToDo+JSON.swift"; sourceTree = SOURCE_ROOT; };
		99EC7AE11E3F71DD008BBBA5 /* AppDelegate.swift */ = {isa = PBXFileReference; fileEncoding = 4; lastKnownFileType = sourcecode.swift; name = AppDelegate.swift; path = "Shopper/New Group/AppDelegate.swift"; sourceTree = SOURCE_ROOT; };
		99EC7AE31E3F71DD008BBBA5 /* WSApi.swift */ = {isa = PBXFileReference; fileEncoding = 4; lastKnownFileType = sourcecode.swift; name = WSApi.swift; path = "Shopper/Api Implemetation/WSApi.swift"; sourceTree = SOURCE_ROOT; };
		99EC7AE81E3F71DD008BBBA5 /* Info.plist */ = {isa = PBXFileReference; fileEncoding = 4; lastKnownFileType = text.plist.xml; name = Info.plist; path = "Shopper/New Group1/Info.plist"; sourceTree = SOURCE_ROOT; };
/* End PBXFileReference section */

/* Begin PBXFrameworksBuildPhase section */
		991E30471E3F57810099AD2A /* Frameworks */ = {
			isa = PBXFrameworksBuildPhase;
			buildActionMask = 2147483647;
			files = (
				9948C3591E3FB34E005B0937 /* Stevia.framework in Frameworks */,
				9948C3561E3FB344005B0937 /* ws.framework in Frameworks */,
				9948C3541E3FB33F005B0937 /* Alamofire.framework in Frameworks */,
				9948C3551E3FB341005B0937 /* Arrow.framework in Frameworks */,
				9948C3581E3FB34B005B0937 /* then.framework in Frameworks */,
				9948C3571E3FB348005B0937 /* Kingfisher.framework in Frameworks */,
				4947643F2093A66A008813B1 /* IGListKit.framework in Frameworks */,
			);
			runOnlyForDeploymentPostprocessing = 0;
		};
/* End PBXFrameworksBuildPhase section */

/* Begin PBXGroup section */
		494764422093B606008813B1 /* Section Controllers */ = {
			isa = PBXGroup;
			children = (
				494764432093B62B008813B1 /* FrequentItemsSectionController.swift */,
				49BAC15820A684B500F3C4BD /* ShopSectionController.swift */,
				49BAC16520A7E06900F3C4BD /* AisleSectionController.swift */,
			);
			path = "Section Controllers";
			sourceTree = "<group>";
		};
		4979978220B8B8D800DF3579 /* Main */ = {
			isa = PBXGroup;
			children = (
				99EC7AE11E3F71DD008BBBA5 /* AppDelegate.swift */,
			);
			name = Main;
			path = "New Group";
			sourceTree = "<group>";
		};
		4979978320B8B91E00DF3579 /* Resources */ = {
			isa = PBXGroup;
			children = (
				49A747FF20910405003F259A /* Roboto-Regular.ttf */,
				49D80DE320952CB600AB8AFC /* Roboto-Bold.ttf */,
				99EC7AE81E3F71DD008BBBA5 /* Info.plist */,
				49C01FA6208AA69900FE4C9B /* Api.plist */,
				99EC7ADB1E3F71DD008BBBA5 /* Assets.xcassets */,
				99EC7ADD1E3F71DD008BBBA5 /* LaunchScreen.storyboard */,
			);
			name = Resources;
			path = "New Group1";
			sourceTree = "<group>";
		};
		49A748012092470D003F259A /* View Controllers */ = {
			isa = PBXGroup;
			children = (
				4961397B208292820083D3E8 /* ToDoVC.swift */,
				49A747F0208FD28E003F259A /* MenuVC.swift */,
				49C01FAA208BFD2200FE4C9B /* AddItemVC.swift */,
				49A747F9208FF34E003F259A /* FrequentItemVC.swift */,
				49BAC15620A6835E00F3C4BD /* ShopVC.swift */,
				49BAC16120A7DC1C00F3C4BD /* EditAisleVC.swift */,
			);
			path = "View Controllers";
			sourceTree = "<group>";
		};
		49A7480220924755003F259A /* Views */ = {
			isa = PBXGroup;
			children = (
				49A747EE208FD249003F259A /* MenuView.swift */,
				4961397D208292AC0083D3E8 /* ToDoView.swift */,
				49C01FA8208BFB2D00FE4C9B /* AddItemView.swift */,
				49A747FB208FF359003F259A /* ShopView.swift */,
				49A7480D20924D6F003F259A /* EditFrequentItemsView.swift */,
				49BAC16320A7DCD200F3C4BD /* EditAisleView.swift */,
				49BAC17120ACAFCE00F3C4BD /* SetShopView.swift */,
			);
			path = Views;
			sourceTree = "<group>";
		};
		49A748032092478D003F259A /* Cells */ = {
			isa = PBXGroup;
			children = (
				4961397720828F660083D3E8 /* ToDoCell.swift */,
				49613979208291150083D3E8 /* ToDoCell+ToDo.swift */,
				49A747F2208FD2E8003F259A /* MenuCell.swift */,
				49A747F6208FD56B003F259A /* MenuCell+MenuItem.swift */,
				49C01FB2208C285700FE4C9B /* FrequentItemCell.swift */,
				49C01FB4208C28F100FE4C9B /* FrequentItemCell+FrequentItem.swift */,
				494764402093B586008813B1 /* FrequentItemSummaryCell.swift */,
				494764452094EE5B008813B1 /* FrequentItemDetailCell.swift */,
				49E5DDF6209E407000F6C238 /* CategoryHeaderView.swift */,
				49BAC15A20A6873E00F3C4BD /* ShopCell.swift */,
				49BAC15C20A767AD00F3C4BD /* AisleCell.swift */,
				49BAC16720A7E0E000F3C4BD /* CategoryCell.swift */,
				49BAC16920A7FD5300F3C4BD /* AisleCategory.swift */,
				49BAC17520B1031300F3C4BD /* ShopMenuCell.swift */,
				49BAC17720B103A400F3C4BD /* ShopMenuCell+ShopItem.swift */,
			);
			path = Cells;
			sourceTree = "<group>";
		};
		49A74804209247C8003F259A /* Model */ = {
			isa = PBXGroup;
			children = (
				4961397520828F0A0083D3E8 /* ToDo.swift */,
				49C01FAC208C1CFE00FE4C9B /* FrequentItem.swift */,
				49A747F4208FD426003F259A /* MenuItem.swift */,
				49D80DE5209581E200AB8AFC /* Category.swift */,
				49E5DDFA209E4F9300F6C238 /* CategorizedItem.swift */,
				49FF5EAC20A36C0B00C14A14 /* Aisle.swift */,
				49FF5EAA20A367BC00C14A14 /* Shop.swift */,
				49909BE420B2299C00B0EB90 /* ShoppingItem.swift */,
				49E5DDFC209E508700F6C238 /* CategorizedItemsDataSource.swift */,
				49BAC15420A67EF500F3C4BD /* ShopsDataSource.swift */,
				49909BE620B33C9500B0EB90 /* TodosDataSource.swift */,
				49909BEA20B7281600B0EB90 /* CachableShops.swift */,
				49909BEC20B7369400B0EB90 /* CachableToDos.swift */,
				4979977C20B88CB500DF3579 /* CachableFrequentItems.swift */,
			);
			path = Model;
			sourceTree = "<group>";
		};
		49A74807209248EC003F259A /* Api */ = {
			isa = PBXGroup;
			children = (
				4961397220828DB40083D3E8 /* Api.swift */,
				4961397F2082938C0083D3E8 /* ToDo+Api.swift */,
				49C01FB0208C273100FE4C9B /* FrequentItem+Api.swift */,
				49BAC15020A633BC00F3C4BD /* Shop+Api.swift */,
				49BAC15F20A7928E00F3C4BD /* Aisle+Api.swift */,
				49BAC16D20A8B47600F3C4BD /* String+Api.swift */,
			);
			path = Api;
			sourceTree = "<group>";
		};
		49A7480820924902003F259A /* Api Implemetation */ = {
			isa = PBXGroup;
			children = (
				99EC7AE31E3F71DD008BBBA5 /* WSApi.swift */,
				99EC7ADF1E3F71DD008BBBA5 /* ToDo+JSON.swift */,
				49C01FAE208C1D7200FE4C9B /* FrequentItem+JSON.swift */,
				49BAC15220A6346E00F3C4BD /* Shop+JSON.swift */,
				49BAC16B20A8B43700F3C4BD /* Aisle+JSON.swift */,
			);
			path = "Api Implemetation";
			sourceTree = "<group>";
		};
		49A7480A20924935003F259A /* Utility */ = {
			isa = PBXGroup;
			children = (
				49613984208518240083D3E8 /* FloatingAddButton.swift */,
				49BAC17320ACB6E200F3C4BD /* MenuDropDownControl.swift */,
				4961398120829BB80083D3E8 /* Themes.swift */,
				49A747FD2090F967003F259A /* Dimensions.swift */,
				49D80DDF20951E7F00AB8AFC /* PickerManger.swift */,
				49D80DE120952B5900AB8AFC /* Utility.swift */,
				49D5D16F20A21332006A5CF7 /* WagnerFischer.swift */,
				49D5D17120A21385006A5CF7 /* DiffAware.swift */,
				49D5D17320A21425006A5CF7 /* Change.swift */,
				49D5D17520A21455006A5CF7 /* MoveReducer.swift */,
				49D5D17720A21496006A5CF7 /* DeepDiff.swift */,
				49D5D17920A21630006A5CF7 /* IndexPathConverter.swift */,
				49909BE820B5E94A00B0EB90 /* Cacher.swift */,
			);
			path = Utility;
			sourceTree = "<group>";
		};
		49A7480B20924962003F259A /* Slider Menu */ = {
			isa = PBXGroup;
			children = (
				493A3612208FC70900E2B74E /* SideMenuManager.swift */,
				493A3611208FC70900E2B74E /* SideMenuTransition.swift */,
				493A3613208FC70900E2B74E /* UISideMenuNavigationController.swift */,
				493A3614208FC70900E2B74E /* UITableViewVibrantCell.swift */,
			);
			path = "Slider Menu";
			sourceTree = "<group>";
		};
		49A7480C2092497A003F259A /* Animations */ = {
			isa = PBXGroup;
			children = (
				49A291AB208E5B6A006675CC /* ViewAnimator.swift */,
				49A291AD208E5B94006675CC /* UICollectionView+ViewAnimator.swift */,
				49A291AF208E5BA1006675CC /* UITableView+ViewAnimator.swift */,
				49A291B1208E5C11006675CC /* ViewAnimatorConfig.swift */,
				49A291B3208E5C4E006675CC /* Animation.swift */,
				49A291B5208E5CB9006675CC /* AnimationType.swift */,
				49A291B7208E5CDB006675CC /* Direction.swift */,
			);
			path = Animations;
			sourceTree = "<group>";
		};
		991E30411E3F57810099AD2A = {
			isa = PBXGroup;
			children = (
				991E304C1E3F57810099AD2A /* Shopper */,
				991E304B1E3F57810099AD2A /* Products */,
				991E30601E3F59840099AD2A /* Frameworks */,
			);
			sourceTree = "<group>";
		};
		991E304B1E3F57810099AD2A /* Products */ = {
			isa = PBXGroup;
			children = (
				991E304A1E3F57810099AD2A /* Shopper.app */,
			);
			name = Products;
			sourceTree = "<group>";
		};
		991E304C1E3F57810099AD2A /* Shopper */ = {
			isa = PBXGroup;
			children = (
				4979978220B8B8D800DF3579 /* Main */,
				494764422093B606008813B1 /* Section Controllers */,
				49A74804209247C8003F259A /* Model */,
				49A748012092470D003F259A /* View Controllers */,
				49A7480220924755003F259A /* Views */,
				49A748032092478D003F259A /* Cells */,
				49A74807209248EC003F259A /* Api */,
				49A7480820924902003F259A /* Api Implemetation */,
				49A7480A20924935003F259A /* Utility */,
				49A7480C2092497A003F259A /* Animations */,
				49A7480B20924962003F259A /* Slider Menu */,
				4979978320B8B91E00DF3579 /* Resources */,
				999127BB1E461FBC007E9B00 /* Resources */,
			);
			path = Shopper;
			sourceTree = "<group>";
		};
		991E30601E3F59840099AD2A /* Frameworks */ = {
			isa = PBXGroup;
			children = (
				4947643E2093A66A008813B1 /* IGListKit.framework */,
				493A360E208FC65300E2B74E /* SideMenu.framework */,
				991E30831E3F63800099AD2A /* Kingfisher.framework */,
				991E30741E3F5BEF0099AD2A /* then.framework */,
				991E30721E3F5BEB0099AD2A /* ws.framework */,
				991E30701E3F5BE90099AD2A /* Stevia.framework */,
				991E306E1E3F5BE60099AD2A /* Alamofire.framework */,
				991E306C1E3F5BE40099AD2A /* Arrow.framework */,
			);
			name = Frameworks;
			sourceTree = "<group>";
		};
		999127BB1E461FBC007E9B00 /* Resources */ = {
			isa = PBXGroup;
			children = (
				99EC7ADC1E3F71DD008BBBA5 /* Base.lproj */,
			);
			name = Resources;
			sourceTree = "<group>";
		};
		99EC7ADC1E3F71DD008BBBA5 /* Base.lproj */ = {
			isa = PBXGroup;
			children = (
			);
			name = Base.lproj;
			path = Source/Base.lproj;
			sourceTree = SOURCE_ROOT;
		};
/* End PBXGroup section */

/* Begin PBXNativeTarget section */
		991E30491E3F57810099AD2A /* Shopper */ = {
			isa = PBXNativeTarget;
			buildConfigurationList = 991E305C1E3F57810099AD2A /* Build configuration list for PBXNativeTarget "Shopper" */;
			buildPhases = (
				991E30461E3F57810099AD2A /* Sources */,
				991E30471E3F57810099AD2A /* Frameworks */,
				991E30481E3F57810099AD2A /* Resources */,
				991E305F1E3F58F20099AD2A /* Carthage Run Script */,
			);
			buildRules = (
			);
			dependencies = (
			);
			name = Shopper;
			productName = StarterProject;
			productReference = 991E304A1E3F57810099AD2A /* Shopper.app */;
			productType = "com.apple.product-type.application";
		};
/* End PBXNativeTarget section */

/* Begin PBXProject section */
		991E30421E3F57810099AD2A /* Project object */ = {
			isa = PBXProject;
			attributes = {
				LastSwiftUpdateCheck = 0820;
				LastUpgradeCheck = 0900;
				ORGANIZATIONNAME = freshOS;
				TargetAttributes = {
					991E30491E3F57810099AD2A = {
						CreatedOnToolsVersion = 8.2.1;
						DevelopmentTeam = 322WP4362D;
						ProvisioningStyle = Automatic;
					};
				};
			};
			buildConfigurationList = 991E30451E3F57810099AD2A /* Build configuration list for PBXProject "Shopper" */;
			compatibilityVersion = "Xcode 3.2";
			developmentRegion = English;
			hasScannedForEncodings = 0;
			knownRegions = (
				en,
				Base,
				es,
			);
			mainGroup = 991E30411E3F57810099AD2A;
			productRefGroup = 991E304B1E3F57810099AD2A /* Products */;
			projectDirPath = "";
			projectRoot = "";
			targets = (
				991E30491E3F57810099AD2A /* Shopper */,
			);
		};
/* End PBXProject section */

/* Begin PBXResourcesBuildPhase section */
		991E30481E3F57810099AD2A /* Resources */ = {
			isa = PBXResourcesBuildPhase;
			buildActionMask = 2147483647;
			files = (
				99EC7AEA1E3F71DD008BBBA5 /* LaunchScreen.storyboard in Resources */,
				49C01FA7208AA69900FE4C9B /* Api.plist in Resources */,
				49D80DE420952CBB00AB8AFC /* Roboto-Bold.ttf in Resources */,
				49A7480020910406003F259A /* Roboto-Regular.ttf in Resources */,
				99EC7AE91E3F71DD008BBBA5 /* Assets.xcassets in Resources */,
			);
			runOnlyForDeploymentPostprocessing = 0;
		};
/* End PBXResourcesBuildPhase section */

/* Begin PBXShellScriptBuildPhase section */
		991E305F1E3F58F20099AD2A /* Carthage Run Script */ = {
			isa = PBXShellScriptBuildPhase;
			buildActionMask = 2147483647;
			files = (
			);
			inputPaths = (
				"$(SRCROOT)/Carthage/Build/iOS/Stevia.framework",
				"$(SRCROOT)/Carthage/Build/iOS/ws.framework",
				"$(SRCROOT)/Carthage/Build/iOS/Alamofire.framework",
				"$(SRCROOT)/Carthage/Build/iOS/Arrow.framework",
				"$(SRCROOT)/Carthage/Build/iOS/then.framework",
				"$(SRCROOT)/Carthage/Build/iOS/Kingfisher.framework",
				"$(SRCROOT)/Carthage/Build/iOS/IGListKit.framework",
			);
			name = "Carthage Run Script";
			outputPaths = (
			);
			runOnlyForDeploymentPostprocessing = 0;
			shellPath = /bin/sh;
			shellScript = "/usr/local/bin/carthage copy-frameworks";
		};
/* End PBXShellScriptBuildPhase section */

/* Begin PBXSourcesBuildPhase section */
		991E30461E3F57810099AD2A /* Sources */ = {
			isa = PBXSourcesBuildPhase;
			buildActionMask = 2147483647;
			files = (
				49C01FAF208C1D7200FE4C9B /* FrequentItem+JSON.swift in Sources */,
				4961397A208291150083D3E8 /* ToDoCell+ToDo.swift in Sources */,
				49D5D17620A21455006A5CF7 /* MoveReducer.swift in Sources */,
				493A3618208FC70900E2B74E /* UITableViewVibrantCell.swift in Sources */,
				49BAC15520A67EF500F3C4BD /* ShopsDataSource.swift in Sources */,
				49C01FB3208C285700FE4C9B /* FrequentItemCell.swift in Sources */,
				49E5DDFB209E4F9300F6C238 /* CategorizedItem.swift in Sources */,
				4961398220829BB80083D3E8 /* Themes.swift in Sources */,
				49E5DDF7209E407000F6C238 /* CategoryHeaderView.swift in Sources */,
				49909BED20B7369400B0EB90 /* CachableToDos.swift in Sources */,
				49A747F3208FD2E8003F259A /* MenuCell.swift in Sources */,
				99EC7AED1E3F71DD008BBBA5 /* AppDelegate.swift in Sources */,
				493A3616208FC70900E2B74E /* SideMenuManager.swift in Sources */,
				4979977D20B88CB500DF3579 /* CachableFrequentItems.swift in Sources */,
				49613985208518240083D3E8 /* FloatingAddButton.swift in Sources */,
				49A291AE208E5B94006675CC /* UICollectionView+ViewAnimator.swift in Sources */,
				49FF5EAD20A36C0B00C14A14 /* Aisle.swift in Sources */,
				494764412093B586008813B1 /* FrequentItemSummaryCell.swift in Sources */,
				49D5D17220A21385006A5CF7 /* DiffAware.swift in Sources */,
				494764462094EE5B008813B1 /* FrequentItemDetailCell.swift in Sources */,
				49BAC15320A6346E00F3C4BD /* Shop+JSON.swift in Sources */,
				49A7480E20924D6F003F259A /* EditFrequentItemsView.swift in Sources */,
				49D5D17420A21425006A5CF7 /* Change.swift in Sources */,
				49BAC16A20A7FD5300F3C4BD /* AisleCategory.swift in Sources */,
				49BAC17420ACB6E200F3C4BD /* MenuDropDownControl.swift in Sources */,
				49C01FA9208BFB2D00FE4C9B /* AddItemView.swift in Sources */,
				49BAC16820A7E0E000F3C4BD /* CategoryCell.swift in Sources */,
				49BAC15B20A6873E00F3C4BD /* ShopCell.swift in Sources */,
				49BAC15D20A767AD00F3C4BD /* AisleCell.swift in Sources */,
				496139802082938C0083D3E8 /* ToDo+Api.swift in Sources */,
				4961397E208292AC0083D3E8 /* ToDoView.swift in Sources */,
				49D5D17A20A21630006A5CF7 /* IndexPathConverter.swift in Sources */,
				49A747F7208FD56B003F259A /* MenuCell+MenuItem.swift in Sources */,
				49BAC15920A684B500F3C4BD /* ShopSectionController.swift in Sources */,
				49BAC16420A7DCD200F3C4BD /* EditAisleView.swift in Sources */,
				49A291B4208E5C4E006675CC /* Animation.swift in Sources */,
				493A3617208FC70900E2B74E /* UISideMenuNavigationController.swift in Sources */,
				494764442093B62B008813B1 /* FrequentItemsSectionController.swift in Sources */,
				4961397C208292820083D3E8 /* ToDoVC.swift in Sources */,
				4961397620828F0A0083D3E8 /* ToDo.swift in Sources */,
				49A747F5208FD426003F259A /* MenuItem.swift in Sources */,
				99EC7AEB1E3F71DD008BBBA5 /* ToDo+JSON.swift in Sources */,
				49A291B0208E5BA1006675CC /* UITableView+ViewAnimator.swift in Sources */,
				49A747FC208FF359003F259A /* ShopView.swift in Sources */,
				49C01FB5208C28F100FE4C9B /* FrequentItemCell+FrequentItem.swift in Sources */,
				49A747FA208FF34E003F259A /* FrequentItemVC.swift in Sources */,
				49D5D17820A21496006A5CF7 /* DeepDiff.swift in Sources */,
				49909BEB20B7281600B0EB90 /* CachableShops.swift in Sources */,
				4961397820828F660083D3E8 /* ToDoCell.swift in Sources */,
				49D5D17020A21332006A5CF7 /* WagnerFischer.swift in Sources */,
				49BAC16E20A8B47600F3C4BD /* String+Api.swift in Sources */,
				493A3615208FC70900E2B74E /* SideMenuTransition.swift in Sources */,
				49FF5EAB20A367BC00C14A14 /* Shop.swift in Sources */,
				49A747F1208FD28E003F259A /* MenuVC.swift in Sources */,
				4961397320828DB40083D3E8 /* Api.swift in Sources */,
				49BAC17820B103A400F3C4BD /* ShopMenuCell+ShopItem.swift in Sources */,
				49A291B6208E5CB9006675CC /* AnimationType.swift in Sources */,
				49A291AC208E5B6A006675CC /* ViewAnimator.swift in Sources */,
				99EC7AEF1E3F71DD008BBBA5 /* WSApi.swift in Sources */,
				49C01FAB208BFD2200FE4C9B /* AddItemVC.swift in Sources */,
				49BAC16220A7DC1C00F3C4BD /* EditAisleVC.swift in Sources */,
				49D80DE220952B5900AB8AFC /* Utility.swift in Sources */,
				49909BE720B33C9500B0EB90 /* TodosDataSource.swift in Sources */,
				49D80DE020951E7F00AB8AFC /* PickerManger.swift in Sources */,
				49BAC16020A7928E00F3C4BD /* Aisle+Api.swift in Sources */,
				49A747FE2090F967003F259A /* Dimensions.swift in Sources */,
				49BAC16620A7E06900F3C4BD /* AisleSectionController.swift in Sources */,
				49A291B2208E5C11006675CC /* ViewAnimatorConfig.swift in Sources */,
				49BAC15720A6835E00F3C4BD /* ShopVC.swift in Sources */,
				49BAC17220ACAFCE00F3C4BD /* SetShopView.swift in Sources */,
				49909BE520B2299C00B0EB90 /* ShoppingItem.swift in Sources */,
				49E5DDFD209E508700F6C238 /* CategorizedItemsDataSource.swift in Sources */,
				49C01FB1208C273100FE4C9B /* FrequentItem+Api.swift in Sources */,
				49BAC15120A633BC00F3C4BD /* Shop+Api.swift in Sources */,
				49D80DE6209581E200AB8AFC /* Category.swift in Sources */,
				49909BE920B5E94A00B0EB90 /* Cacher.swift in Sources */,
				49C01FAD208C1CFE00FE4C9B /* FrequentItem.swift in Sources */,
				49A747EF208FD249003F259A /* MenuView.swift in Sources */,
				49BAC17620B1031300F3C4BD /* ShopMenuCell.swift in Sources */,
				49BAC16C20A8B43700F3C4BD /* Aisle+JSON.swift in Sources */,
				49A291B8208E5CDB006675CC /* Direction.swift in Sources */,
			);
			runOnlyForDeploymentPostprocessing = 0;
		};
/* End PBXSourcesBuildPhase section */

/* Begin PBXVariantGroup section */
		99EC7ADD1E3F71DD008BBBA5 /* LaunchScreen.storyboard */ = {
			isa = PBXVariantGroup;
			children = (
				4979978420B8B9C700DF3579 /* en */,
			);
			name = LaunchScreen.storyboard;
			sourceTree = "<group>";
		};
/* End PBXVariantGroup section */

/* Begin XCBuildConfiguration section */
		991E305A1E3F57810099AD2A /* Debug */ = {
			isa = XCBuildConfiguration;
			buildSettings = {
				ALWAYS_SEARCH_USER_PATHS = NO;
				CLANG_ANALYZER_LOCALIZABILITY_NONLOCALIZED = YES;
				CLANG_ANALYZER_NONNULL = YES;
				CLANG_CXX_LANGUAGE_STANDARD = "gnu++0x";
				CLANG_CXX_LIBRARY = "libc++";
				CLANG_ENABLE_MODULES = YES;
				CLANG_ENABLE_OBJC_ARC = YES;
				CLANG_WARN_BLOCK_CAPTURE_AUTORELEASING = YES;
				CLANG_WARN_BOOL_CONVERSION = YES;
				CLANG_WARN_COMMA = YES;
				CLANG_WARN_CONSTANT_CONVERSION = YES;
				CLANG_WARN_DIRECT_OBJC_ISA_USAGE = YES_ERROR;
				CLANG_WARN_DOCUMENTATION_COMMENTS = YES;
				CLANG_WARN_EMPTY_BODY = YES;
				CLANG_WARN_ENUM_CONVERSION = YES;
				CLANG_WARN_INFINITE_RECURSION = YES;
				CLANG_WARN_INT_CONVERSION = YES;
				CLANG_WARN_NON_LITERAL_NULL_CONVERSION = YES;
				CLANG_WARN_OBJC_LITERAL_CONVERSION = YES;
				CLANG_WARN_OBJC_ROOT_CLASS = YES_ERROR;
				CLANG_WARN_RANGE_LOOP_ANALYSIS = YES;
				CLANG_WARN_STRICT_PROTOTYPES = YES;
				CLANG_WARN_SUSPICIOUS_MOVE = YES;
				CLANG_WARN_UNREACHABLE_CODE = YES;
				CLANG_WARN__DUPLICATE_METHOD_MATCH = YES;
				"CODE_SIGN_IDENTITY[sdk=iphoneos*]" = "iPhone Developer";
				COPY_PHASE_STRIP = NO;
				DEBUG_INFORMATION_FORMAT = dwarf;
				ENABLE_STRICT_OBJC_MSGSEND = YES;
				ENABLE_TESTABILITY = YES;
				GCC_C_LANGUAGE_STANDARD = gnu99;
				GCC_DYNAMIC_NO_PIC = NO;
				GCC_NO_COMMON_BLOCKS = YES;
				GCC_OPTIMIZATION_LEVEL = 0;
				GCC_PREPROCESSOR_DEFINITIONS = (
					"DEBUG=1",
					"$(inherited)",
				);
				GCC_WARN_64_TO_32_BIT_CONVERSION = YES;
				GCC_WARN_ABOUT_RETURN_TYPE = YES_ERROR;
				GCC_WARN_UNDECLARED_SELECTOR = YES;
				GCC_WARN_UNINITIALIZED_AUTOS = YES_AGGRESSIVE;
				GCC_WARN_UNUSED_FUNCTION = YES;
				GCC_WARN_UNUSED_VARIABLE = YES;
				IPHONEOS_DEPLOYMENT_TARGET = 10.2;
				MTL_ENABLE_DEBUG_INFO = YES;
				ONLY_ACTIVE_ARCH = YES;
				SDKROOT = iphoneos;
				SWIFT_ACTIVE_COMPILATION_CONDITIONS = DEBUG;
				SWIFT_OPTIMIZATION_LEVEL = "-Onone";
				SWIFT_VERSION = 4.0;
				TARGETED_DEVICE_FAMILY = "1,2";
			};
			name = Debug;
		};
		991E305B1E3F57810099AD2A /* Release */ = {
			isa = XCBuildConfiguration;
			buildSettings = {
				ALWAYS_SEARCH_USER_PATHS = NO;
				CLANG_ANALYZER_LOCALIZABILITY_NONLOCALIZED = YES;
				CLANG_ANALYZER_NONNULL = YES;
				CLANG_CXX_LANGUAGE_STANDARD = "gnu++0x";
				CLANG_CXX_LIBRARY = "libc++";
				CLANG_ENABLE_MODULES = YES;
				CLANG_ENABLE_OBJC_ARC = YES;
				CLANG_WARN_BLOCK_CAPTURE_AUTORELEASING = YES;
				CLANG_WARN_BOOL_CONVERSION = YES;
				CLANG_WARN_COMMA = YES;
				CLANG_WARN_CONSTANT_CONVERSION = YES;
				CLANG_WARN_DIRECT_OBJC_ISA_USAGE = YES_ERROR;
				CLANG_WARN_DOCUMENTATION_COMMENTS = YES;
				CLANG_WARN_EMPTY_BODY = YES;
				CLANG_WARN_ENUM_CONVERSION = YES;
				CLANG_WARN_INFINITE_RECURSION = YES;
				CLANG_WARN_INT_CONVERSION = YES;
				CLANG_WARN_NON_LITERAL_NULL_CONVERSION = YES;
				CLANG_WARN_OBJC_LITERAL_CONVERSION = YES;
				CLANG_WARN_OBJC_ROOT_CLASS = YES_ERROR;
				CLANG_WARN_RANGE_LOOP_ANALYSIS = YES;
				CLANG_WARN_STRICT_PROTOTYPES = YES;
				CLANG_WARN_SUSPICIOUS_MOVE = YES;
				CLANG_WARN_UNREACHABLE_CODE = YES;
				CLANG_WARN__DUPLICATE_METHOD_MATCH = YES;
				"CODE_SIGN_IDENTITY[sdk=iphoneos*]" = "iPhone Developer";
				COPY_PHASE_STRIP = NO;
				DEBUG_INFORMATION_FORMAT = "dwarf-with-dsym";
				ENABLE_NS_ASSERTIONS = NO;
				ENABLE_STRICT_OBJC_MSGSEND = YES;
				GCC_C_LANGUAGE_STANDARD = gnu99;
				GCC_NO_COMMON_BLOCKS = YES;
				GCC_WARN_64_TO_32_BIT_CONVERSION = YES;
				GCC_WARN_ABOUT_RETURN_TYPE = YES_ERROR;
				GCC_WARN_UNDECLARED_SELECTOR = YES;
				GCC_WARN_UNINITIALIZED_AUTOS = YES_AGGRESSIVE;
				GCC_WARN_UNUSED_FUNCTION = YES;
				GCC_WARN_UNUSED_VARIABLE = YES;
				IPHONEOS_DEPLOYMENT_TARGET = 10.2;
				MTL_ENABLE_DEBUG_INFO = NO;
				SDKROOT = iphoneos;
				SWIFT_OPTIMIZATION_LEVEL = "-Owholemodule";
				SWIFT_VERSION = 4.0;
				TARGETED_DEVICE_FAMILY = "1,2";
				VALIDATE_PRODUCT = YES;
			};
			name = Release;
		};
		991E305D1E3F57810099AD2A /* Debug */ = {
			isa = XCBuildConfiguration;
			buildSettings = {
				ASSETCATALOG_COMPILER_APPICON_NAME = AppIcon;
				DEVELOPMENT_TEAM = 322WP4362D;
				FRAMEWORK_SEARCH_PATHS = "$(PROJECT_DIR)/Carthage/Build/iOS";
				INFOPLIST_FILE = "$(SRCROOT)/Shopper/New Group1/Info.plist";
				IPHONEOS_DEPLOYMENT_TARGET = 11.0;
				LD_RUNPATH_SEARCH_PATHS = "$(inherited) @executable_path/Frameworks";
				PRODUCT_BUNDLE_IDENTIFIER = net.4Dware.Shopper;
				PRODUCT_NAME = "$(TARGET_NAME)";
				SWIFT_VERSION = 4.0;
				TARGETED_DEVICE_FAMILY = 1;
			};
			name = Debug;
		};
		991E305E1E3F57810099AD2A /* Release */ = {
			isa = XCBuildConfiguration;
			buildSettings = {
				ASSETCATALOG_COMPILER_APPICON_NAME = AppIcon;
				DEVELOPMENT_TEAM = 322WP4362D;
				FRAMEWORK_SEARCH_PATHS = "$(PROJECT_DIR)/Carthage/Build/iOS";
				INFOPLIST_FILE = "$(SRCROOT)/Shopper/New Group1/Info.plist";
				IPHONEOS_DEPLOYMENT_TARGET = 11.0;
				LD_RUNPATH_SEARCH_PATHS = "$(inherited) @executable_path/Frameworks";
				PRODUCT_BUNDLE_IDENTIFIER = net.4Dware.Shopper;
				PRODUCT_NAME = "$(TARGET_NAME)";
				SWIFT_VERSION = 4.0;
				TARGETED_DEVICE_FAMILY = 1;
			};
			name = Release;
		};
/* End XCBuildConfiguration section */

/* Begin XCConfigurationList section */
		991E30451E3F57810099AD2A /* Build configuration list for PBXProject "Shopper" */ = {
			isa = XCConfigurationList;
			buildConfigurations = (
				991E305A1E3F57810099AD2A /* Debug */,
				991E305B1E3F57810099AD2A /* Release */,
			);
			defaultConfigurationIsVisible = 0;
			defaultConfigurationName = Release;
		};
		991E305C1E3F57810099AD2A /* Build configuration list for PBXNativeTarget "Shopper" */ = {
			isa = XCConfigurationList;
			buildConfigurations = (
				991E305D1E3F57810099AD2A /* Debug */,
				991E305E1E3F57810099AD2A /* Release */,
			);
			defaultConfigurationIsVisible = 0;
			defaultConfigurationName = Release;
		};
/* End XCConfigurationList section */
	};
	rootObject = 991E30421E3F57810099AD2A /* Project object */;
}
